
Microsoft Visual Studio Solution File, Format Version 12.00
# Visual Studio 14
VisualStudioVersion = 14.0.24720.0
MinimumVisualStudioVersion = 10.0.40219.1
Project("{FAE04EC0-301F-11D3-BF4B-00C04F79EFBC}") = "JenkinsWithDotNet", "JenkinsWithDotNet\JenkinsWithDotNet.csproj", "{975DF446-708C-4E3C-BB7D-4C6837904B14}"
EndProject
Project("{FAE04EC0-301F-11D3-BF4B-00C04F79EFBC}") = "TestJenkinsWithDotNet", "TestJenkinsWithDotNet\TestJenkinsWithDotNet.csproj", "{BFC08530-B2B9-40A8-8898-A7EF47CB062A}"
EndProject
Global
	GlobalSection(SolutionConfigurationPlatforms) = preSolution
		Debug|Any CPU = Debug|Any CPU
		Release|Any CPU = Release|Any CPU
	EndGlobalSection
	GlobalSection(ProjectConfigurationPlatforms) = postSolution
		{975DF446-708C-4E3C-BB7D-4C6837904B14}.Debug|Any CPU.ActiveCfg = Debug|Any CPU
		{975DF446-708C-4E3C-BB7D-4C6837904B14}.Debug|Any CPU.Build.0 = Debug|Any CPU
		{975DF446-708C-4E3C-BB7D-4C6837904B14}.Release|Any CPU.ActiveCfg = Release|Any CPU
		{975DF446-708C-4E3C-BB7D-4C6837904B14}.Release|Any CPU.Build.0 = Release|Any CPU
		{BFC08530-B2B9-40A8-8898-A7EF47CB062A}.Debug|Any CPU.ActiveCfg = Debug|Any CPU
		{BFC08530-B2B9-40A8-8898-A7EF47CB062A}.Debug|Any CPU.Build.0 = Debug|Any CPU
		{BFC08530-B2B9-40A8-8898-A7EF47CB062A}.Release|Any CPU.ActiveCfg = Release|Any CPU
		{BFC08530-B2B9-40A8-8898-A7EF47CB062A}.Release|Any CPU.Build.0 = Release|Any CPU
	EndGlobalSection
	GlobalSection(SolutionProperties) = preSolution
		HideSolutionNode = FALSE
	EndGlobalSection
EndGlobal
